
Microsoft Visual Studio Solution File, Format Version 12.00
# Visual Studio Version 17
VisualStudioVersion = 17.13.35931.197 d17.13
MinimumVisualStudioVersion = 10.0.40219.1
Project("{FAE04EC0-301F-11D3-BF4B-00C04F79EFBC}") = "EXUI_Leyva", "EXUI_Leyva\EXUI_Leyva.csproj", "{B87AEB02-AFA7-4877-870F-0432FD8C47AF}"
EndProject
Global
	GlobalSection(SolutionConfigurationPlatforms) = preSolution
		Debug|Any CPU = Debug|Any CPU
		Release|Any CPU = Release|Any CPU
	EndGlobalSection
	GlobalSection(ProjectConfigurationPlatforms) = postSolution
		{B87AEB02-AFA7-4877-870F-0432FD8C47AF}.Debug|Any CPU.ActiveCfg = Debug|Any CPU
		{B87AEB02-AFA7-4877-870F-0432FD8C47AF}.Debug|Any CPU.Build.0 = Debug|Any CPU
		{B87AEB02-AFA7-4877-870F-0432FD8C47AF}.Release|Any CPU.ActiveCfg = Release|Any CPU
		{B87AEB02-AFA7-4877-870F-0432FD8C47AF}.Release|Any CPU.Build.0 = Release|Any CPU
	EndGlobalSection
	GlobalSection(SolutionProperties) = preSolution
		HideSolutionNode = FALSE
	EndGlobalSection
	GlobalSection(ExtensibilityGlobals) = postSolution
		SolutionGuid = {DC6B8006-50AF-44E7-A4F0-BDFE5FD25F02}
	EndGlobalSection
EndGlobal
